
Microsoft Visual Studio Solution File, Format Version 12.00
# Visual Studio Version 16
VisualStudioVersion = 16.0.29411.108
MinimumVisualStudioVersion = 10.0.40219.1
Project("{FAE04EC0-301F-11D3-BF4B-00C04F79EFBC}") = "FirstApp", "FirstApp.csproj", "{15695460-99C7-46CD-98EA-8463BF2CC3FF}"
EndProject
Global
	GlobalSection(SolutionConfigurationPlatforms) = preSolution
		Debug|Any CPU = Debug|Any CPU
		Release|Any CPU = Release|Any CPU
	EndGlobalSection
	GlobalSection(ProjectConfigurationPlatforms) = postSolution
		{15695460-99C7-46CD-98EA-8463BF2CC3FF}.Debug|Any CPU.ActiveCfg = Debug|Any CPU
		{15695460-99C7-46CD-98EA-8463BF2CC3FF}.Debug|Any CPU.Build.0 = Debug|Any CPU
		{15695460-99C7-46CD-98EA-8463BF2CC3FF}.Release|Any CPU.ActiveCfg = Release|Any CPU
		{15695460-99C7-46CD-98EA-8463BF2CC3FF}.Release|Any CPU.Build.0 = Release|Any CPU
	EndGlobalSection
	GlobalSection(SolutionProperties) = preSolution
		HideSolutionNode = FALSE
	EndGlobalSection
	GlobalSection(ExtensibilityGlobals) = postSolution
		SolutionGuid = {59998E07-1D04-4E4C-B681-5C9760E65D42}
	EndGlobalSection
EndGlobal
